
Microsoft Visual Studio Solution File, Format Version 12.00
# Visual Studio Version 17
VisualStudioVersion = 17.2.32630.192
MinimumVisualStudioVersion = 10.0.40219.1
Project("{2150E333-8FDC-42A3-9474-1A3956D46DE8}") = "01 Infraestructure", "01 Infraestructure", "{B201BDD2-3742-43EE-B94A-6CC0675D0D67}"
EndProject
Project("{9A19103F-16F7-4668-BE54-9A1E7A4F7556}") = "Infraestructure.Data", "Infraestructure.Data\Infraestructure.Data.csproj", "{C3C6CCC0-BC40-4745-B8A4-818998AF1C64}"
EndProject
Project("{9A19103F-16F7-4668-BE54-9A1E7A4F7556}") = "Infraestructure.Interface", "Infraestructure.Interface\Infraestructure.Interface.csproj", "{A10157AE-088A-4D61-8E4F-DC90B8F5D0EA}"
EndProject
Project("{9A19103F-16F7-4668-BE54-9A1E7A4F7556}") = "Infraestructure.Repository", "Infraestructure.Repository\Infraestructure.Repository.csproj", "{2894EF20-F974-44EC-84D2-01D6FB382CDD}"
EndProject
Project("{2150E333-8FDC-42A3-9474-1A3956D46DE8}") = "02 Domain", "02 Domain", "{8588113E-DAB1-4E76-A869-FE72A66F176E}"
EndProject
Project("{9A19103F-16F7-4668-BE54-9A1E7A4F7556}") = "Domain.Core", "Domain.Core\Domain.Core.csproj", "{830FCD79-E65A-40E7-9603-D464046AF5AE}"
EndProject
Project("{9A19103F-16F7-4668-BE54-9A1E7A4F7556}") = "Domain.Entity", "Domain.Entity\Domain.Entity.csproj", "{A2EB0A2D-51B1-4D36-A724-60AB0721A49D}"
EndProject
Project("{9A19103F-16F7-4668-BE54-9A1E7A4F7556}") = "Domain.Interface", "Domain.Interface\Domain.Interface.csproj", "{A8691DC6-F7D2-4C00-B9DC-55739EF6714E}"
EndProject
Project("{2150E333-8FDC-42A3-9474-1A3956D46DE8}") = "03 Application", "03 Application", "{F2020188-22B6-4402-941A-E9EA1C78403F}"
EndProject
Project("{9A19103F-16F7-4668-BE54-9A1E7A4F7556}") = "Application.DTO", "Application.DTO\Application.DTO.csproj", "{43671A52-DCA5-408D-91F6-338306A2C154}"
EndProject
Project("{9A19103F-16F7-4668-BE54-9A1E7A4F7556}") = "Application.Interface", "Application.Interface\Application.Interface.csproj", "{6426C56D-0B17-4860-B079-1BB3F4C47CF7}"
EndProject
Project("{9A19103F-16F7-4668-BE54-9A1E7A4F7556}") = "Application.Main", "Application.Main\Application.Main.csproj", "{35A19FE7-88DF-485A-920B-0B12BF8B4909}"
EndProject
Project("{2150E333-8FDC-42A3-9474-1A3956D46DE8}") = "04 Service", "04 Service", "{493EE9FA-E108-4F5C-971A-ABD915CD3914}"
EndProject
Project("{9A19103F-16F7-4668-BE54-9A1E7A4F7556}") = "Service.ApiPublic", "Service.ApiPublic\Service.ApiPublic.csproj", "{6BD0597E-9F7D-45B3-A09E-468E2BED7675}"
EndProject
Project("{9A19103F-16F7-4668-BE54-9A1E7A4F7556}") = "Service.ApiController", "Service.ApiController\Service.ApiController.csproj", "{B6B7B04B-1BD3-47E4-8965-A16D679A163D}"
EndProject
Project("{2150E333-8FDC-42A3-9474-1A3956D46DE8}") = "05 Transversal", "05 Transversal", "{A19B6A81-950D-4ECE-9AB9-C58FBF8DD86C}"
EndProject
Project("{9A19103F-16F7-4668-BE54-9A1E7A4F7556}") = "Transversal.Common", "Transversal.Common\Transversal.Common.csproj", "{3592EE56-8C24-48FF-8E69-0E3E071E51DD}"
EndProject
Project("{9A19103F-16F7-4668-BE54-9A1E7A4F7556}") = "Infraestructure.Commons", "Infraestructure.Commons\Infraestructure.Commons.csproj", "{D9A01F8B-EC56-453B-B5F6-3B27D7A6F6EF}"
EndProject
Global
	GlobalSection(SolutionConfigurationPlatforms) = preSolution
		Debug|Any CPU = Debug|Any CPU
		Release|Any CPU = Release|Any CPU
	EndGlobalSection
	GlobalSection(ProjectConfigurationPlatforms) = postSolution
		{C3C6CCC0-BC40-4745-B8A4-818998AF1C64}.Debug|Any CPU.ActiveCfg = Debug|Any CPU
		{C3C6CCC0-BC40-4745-B8A4-818998AF1C64}.Debug|Any CPU.Build.0 = Debug|Any CPU
		{C3C6CCC0-BC40-4745-B8A4-818998AF1C64}.Release|Any CPU.ActiveCfg = Release|Any CPU
		{C3C6CCC0-BC40-4745-B8A4-818998AF1C64}.Release|Any CPU.Build.0 = Release|Any CPU
		{A10157AE-088A-4D61-8E4F-DC90B8F5D0EA}.Debug|Any CPU.ActiveCfg = Debug|Any CPU
		{A10157AE-088A-4D61-8E4F-DC90B8F5D0EA}.Debug|Any CPU.Build.0 = Debug|Any CPU
		{A10157AE-088A-4D61-8E4F-DC90B8F5D0EA}.Release|Any CPU.ActiveCfg = Release|Any CPU
		{A10157AE-088A-4D61-8E4F-DC90B8F5D0EA}.Release|Any CPU.Build.0 = Release|Any CPU
		{2894EF20-F974-44EC-84D2-01D6FB382CDD}.Debug|Any CPU.ActiveCfg = Debug|Any CPU
		{2894EF20-F974-44EC-84D2-01D6FB382CDD}.Debug|Any CPU.Build.0 = Debug|Any CPU
		{2894EF20-F974-44EC-84D2-01D6FB382CDD}.Release|Any CPU.ActiveCfg = Release|Any CPU
		{2894EF20-F974-44EC-84D2-01D6FB382CDD}.Release|Any CPU.Build.0 = Release|Any CPU
		{830FCD79-E65A-40E7-9603-D464046AF5AE}.Debug|Any CPU.ActiveCfg = Debug|Any CPU
		{830FCD79-E65A-40E7-9603-D464046AF5AE}.Debug|Any CPU.Build.0 = Debug|Any CPU
		{830FCD79-E65A-40E7-9603-D464046AF5AE}.Release|Any CPU.ActiveCfg = Release|Any CPU
		{830FCD79-E65A-40E7-9603-D464046AF5AE}.Release|Any CPU.Build.0 = Release|Any CPU
		{A2EB0A2D-51B1-4D36-A724-60AB0721A49D}.Debug|Any CPU.ActiveCfg = Debug|Any CPU
		{A2EB0A2D-51B1-4D36-A724-60AB0721A49D}.Debug|Any CPU.Build.0 = Debug|Any CPU
		{A2EB0A2D-51B1-4D36-A724-60AB0721A49D}.Release|Any CPU.ActiveCfg = Release|Any CPU
		{A2EB0A2D-51B1-4D36-A724-60AB0721A49D}.Release|Any CPU.Build.0 = Release|Any CPU
		{A8691DC6-F7D2-4C00-B9DC-55739EF6714E}.Debug|Any CPU.ActiveCfg = Debug|Any CPU
		{A8691DC6-F7D2-4C00-B9DC-55739EF6714E}.Debug|Any CPU.Build.0 = Debug|Any CPU
		{A8691DC6-F7D2-4C00-B9DC-55739EF6714E}.Release|Any CPU.ActiveCfg = Release|Any CPU
		{A8691DC6-F7D2-4C00-B9DC-55739EF6714E}.Release|Any CPU.Build.0 = Release|Any CPU
		{43671A52-DCA5-408D-91F6-338306A2C154}.Debug|Any CPU.ActiveCfg = Debug|Any CPU
		{43671A52-DCA5-408D-91F6-338306A2C154}.Debug|Any CPU.Build.0 = Debug|Any CPU
		{43671A52-DCA5-408D-91F6-338306A2C154}.Release|Any CPU.ActiveCfg = Release|Any CPU
		{43671A52-DCA5-408D-91F6-338306A2C154}.Release|Any CPU.Build.0 = Release|Any CPU
		{6426C56D-0B17-4860-B079-1BB3F4C47CF7}.Debug|Any CPU.ActiveCfg = Debug|Any CPU
		{6426C56D-0B17-4860-B079-1BB3F4C47CF7}.Debug|Any CPU.Build.0 = Debug|Any CPU
		{6426C56D-0B17-4860-B079-1BB3F4C47CF7}.Release|Any CPU.ActiveCfg = Release|Any CPU
		{6426C56D-0B17-4860-B079-1BB3F4C47CF7}.Release|Any CPU.Build.0 = Release|Any CPU
		{35A19FE7-88DF-485A-920B-0B12BF8B4909}.Debug|Any CPU.ActiveCfg = Debug|Any CPU
		{35A19FE7-88DF-485A-920B-0B12BF8B4909}.Debug|Any CPU.Build.0 = Debug|Any CPU
		{35A19FE7-88DF-485A-920B-0B12BF8B4909}.Release|Any CPU.ActiveCfg = Release|Any CPU
		{35A19FE7-88DF-485A-920B-0B12BF8B4909}.Release|Any CPU.Build.0 = Release|Any CPU
		{6BD0597E-9F7D-45B3-A09E-468E2BED7675}.Debug|Any CPU.ActiveCfg = Debug|Any CPU
		{6BD0597E-9F7D-45B3-A09E-468E2BED7675}.Debug|Any CPU.Build.0 = Debug|Any CPU
		{6BD0597E-9F7D-45B3-A09E-468E2BED7675}.Release|Any CPU.ActiveCfg = Release|Any CPU
		{6BD0597E-9F7D-45B3-A09E-468E2BED7675}.Release|Any CPU.Build.0 = Release|Any CPU
		{B6B7B04B-1BD3-47E4-8965-A16D679A163D}.Debug|Any CPU.ActiveCfg = Debug|Any CPU
		{B6B7B04B-1BD3-47E4-8965-A16D679A163D}.Debug|Any CPU.Build.0 = Debug|Any CPU
		{B6B7B04B-1BD3-47E4-8965-A16D679A163D}.Release|Any CPU.ActiveCfg = Release|Any CPU
		{B6B7B04B-1BD3-47E4-8965-A16D679A163D}.Release|Any CPU.Build.0 = Release|Any CPU
		{3592EE56-8C24-48FF-8E69-0E3E071E51DD}.Debug|Any CPU.ActiveCfg = Debug|Any CPU
		{3592EE56-8C24-48FF-8E69-0E3E071E51DD}.Debug|Any CPU.Build.0 = Debug|Any CPU
		{3592EE56-8C24-48FF-8E69-0E3E071E51DD}.Release|Any CPU.ActiveCfg = Release|Any CPU
		{3592EE56-8C24-48FF-8E69-0E3E071E51DD}.Release|Any CPU.Build.0 = Release|Any CPU
		{D9A01F8B-EC56-453B-B5F6-3B27D7A6F6EF}.Debug|Any CPU.ActiveCfg = Debug|Any CPU
		{D9A01F8B-EC56-453B-B5F6-3B27D7A6F6EF}.Debug|Any CPU.Build.0 = Debug|Any CPU
		{D9A01F8B-EC56-453B-B5F6-3B27D7A6F6EF}.Release|Any CPU.ActiveCfg = Release|Any CPU
		{D9A01F8B-EC56-453B-B5F6-3B27D7A6F6EF}.Release|Any CPU.Build.0 = Release|Any CPU
	EndGlobalSection
	GlobalSection(SolutionProperties) = preSolution
		HideSolutionNode = FALSE
	EndGlobalSection
	GlobalSection(NestedProjects) = preSolution
		{B201BDD2-3742-43EE-B94A-6CC0675D0D67} = {F2020188-22B6-4402-941A-E9EA1C78403F}
		{C3C6CCC0-BC40-4745-B8A4-818998AF1C64} = {B201BDD2-3742-43EE-B94A-6CC0675D0D67}
		{A10157AE-088A-4D61-8E4F-DC90B8F5D0EA} = {B201BDD2-3742-43EE-B94A-6CC0675D0D67}
		{2894EF20-F974-44EC-84D2-01D6FB382CDD} = {B201BDD2-3742-43EE-B94A-6CC0675D0D67}
		{830FCD79-E65A-40E7-9603-D464046AF5AE} = {8588113E-DAB1-4E76-A869-FE72A66F176E}
		{A2EB0A2D-51B1-4D36-A724-60AB0721A49D} = {8588113E-DAB1-4E76-A869-FE72A66F176E}
		{A8691DC6-F7D2-4C00-B9DC-55739EF6714E} = {8588113E-DAB1-4E76-A869-FE72A66F176E}
		{43671A52-DCA5-408D-91F6-338306A2C154} = {F2020188-22B6-4402-941A-E9EA1C78403F}
		{6426C56D-0B17-4860-B079-1BB3F4C47CF7} = {F2020188-22B6-4402-941A-E9EA1C78403F}
		{35A19FE7-88DF-485A-920B-0B12BF8B4909} = {F2020188-22B6-4402-941A-E9EA1C78403F}
		{6BD0597E-9F7D-45B3-A09E-468E2BED7675} = {493EE9FA-E108-4F5C-971A-ABD915CD3914}
		{B6B7B04B-1BD3-47E4-8965-A16D679A163D} = {493EE9FA-E108-4F5C-971A-ABD915CD3914}
		{3592EE56-8C24-48FF-8E69-0E3E071E51DD} = {A19B6A81-950D-4ECE-9AB9-C58FBF8DD86C}
		{D9A01F8B-EC56-453B-B5F6-3B27D7A6F6EF} = {B201BDD2-3742-43EE-B94A-6CC0675D0D67}
	EndGlobalSection
	GlobalSection(ExtensibilityGlobals) = postSolution
		SolutionGuid = {A94BB38D-91B7-4AF7-A264-63F77C21C089}
	EndGlobalSection
EndGlobal
